
Microsoft Visual Studio Solution File, Format Version 12.00
# Visual Studio Version 17
VisualStudioVersion = 17.9.34607.119
MinimumVisualStudioVersion = 10.0.40219.1
Project("{13B669BE-BB05-4DDF-9536-439F39A36129}") = "TaskPhpProject", "TaskPhpProject.phpproj", "{EE01067C-4718-4431-BEE7-72979289D263}"
EndProject
Global
	GlobalSection(SolutionConfigurationPlatforms) = preSolution
		Debug|Any CPU = Debug|Any CPU
		Release|Any CPU = Release|Any CPU
	EndGlobalSection
	GlobalSection(ProjectConfigurationPlatforms) = postSolution
		{EE01067C-4718-4431-BEE7-72979289D263}.Debug|Any CPU.ActiveCfg = Debug|Any CPU
		{EE01067C-4718-4431-BEE7-72979289D263}.Debug|Any CPU.Build.0 = Debug|Any CPU
		{EE01067C-4718-4431-BEE7-72979289D263}.Release|Any CPU.ActiveCfg = Release|Any CPU
		{EE01067C-4718-4431-BEE7-72979289D263}.Release|Any CPU.Build.0 = Release|Any CPU
	EndGlobalSection
	GlobalSection(SolutionProperties) = preSolution
		HideSolutionNode = FALSE
	EndGlobalSection
	GlobalSection(ExtensibilityGlobals) = postSolution
		SolutionGuid = {92CBF4E9-F99E-4F3F-B9AF-2C8BD2B5F579}
	EndGlobalSection
EndGlobal
